// !$*UTF8*$!
{
	archiveVersion = 1;
	classes = {
	};
	objectVersion = 50;
	objects = {

/* Begin PBXBuildFile section */
		BA7F046D251ECC0600765FC1 /* AppDelegate.swift in Sources */ = {isa = PBXBuildFile; fileRef = BA7F046C251ECC0600765FC1 /* AppDelegate.swift */; };
		BA7F046F251ECC0600765FC1 /* SceneDelegate.swift in Sources */ = {isa = PBXBuildFile; fileRef = BA7F046E251ECC0600765FC1 /* SceneDelegate.swift */; };
		BA7F0471251ECC0600765FC1 /* ViewController.swift in Sources */ = {isa = PBXBuildFile; fileRef = BA7F0470251ECC0600765FC1 /* ViewController.swift */; };
		BA7F0474251ECC0600765FC1 /* Main.storyboard in Resources */ = {isa = PBXBuildFile; fileRef = BA7F0472251ECC0600765FC1 /* Main.storyboard */; };
		BA7F0476251ECC0700765FC1 /* Assets.xcassets in Resources */ = {isa = PBXBuildFile; fileRef = BA7F0475251ECC0700765FC1 /* Assets.xcassets */; };
		BA7F0479251ECC0700765FC1 /* LaunchScreen.storyboard in Resources */ = {isa = PBXBuildFile; fileRef = BA7F0477251ECC0700765FC1 /* LaunchScreen.storyboard */; };
		BA7F0484251ECC0800765FC1 /* flixTests.swift in Sources */ = {isa = PBXBuildFile; fileRef = BA7F0483251ECC0800765FC1 /* flixTests.swift */; };
		BA7F048F251ECC0800765FC1 /* flixUITests.swift in Sources */ = {isa = PBXBuildFile; fileRef = BA7F048E251ECC0800765FC1 /* flixUITests.swift */; };
/* End PBXBuildFile section */

/* Begin PBXContainerItemProxy section */
		BA7F0480251ECC0800765FC1 /* PBXContainerItemProxy */ = {
			isa = PBXContainerItemProxy;
			containerPortal = BA7F0461251ECC0600765FC1 /* Project object */;
			proxyType = 1;
			remoteGlobalIDString = BA7F0468251ECC0600765FC1;
			remoteInfo = flix;
		};
		BA7F048B251ECC0800765FC1 /* PBXContainerItemProxy */ = {
			isa = PBXContainerItemProxy;
			containerPortal = BA7F0461251ECC0600765FC1 /* Project object */;
			proxyType = 1;
			remoteGlobalIDString = BA7F0468251ECC0600765FC1;
			remoteInfo = flix;
		};
/* End PBXContainerItemProxy section */

/* Begin PBXFileReference section */
		BA7F0469251ECC0600765FC1 /* flix.app */ = {isa = PBXFileReference; explicitFileType = wrapper.application; includeInIndex = 0; path = flix.app; sourceTree = BUILT_PRODUCTS_DIR; };
		BA7F046C251ECC0600765FC1 /* AppDelegate.swift */ = {isa = PBXFileReference; lastKnownFileType = sourcecode.swift; path = AppDelegate.swift; sourceTree = "<group>"; };
		BA7F046E251ECC0600765FC1 /* SceneDelegate.swift */ = {isa = PBXFileReference; lastKnownFileType = sourcecode.swift; path = SceneDelegate.swift; sourceTree = "<group>"; };
		BA7F0470251ECC0600765FC1 /* ViewController.swift */ = {isa = PBXFileReference; lastKnownFileType = sourcecode.swift; path = ViewController.swift; sourceTree = "<group>"; };
		BA7F0473251ECC0600765FC1 /* Base */ = {isa = PBXFileReference; lastKnownFileType = file.storyboard; name = Base; path = Base.lproj/Main.storyboard; sourceTree = "<group>"; };
		BA7F0475251ECC0700765FC1 /* Assets.xcassets */ = {isa = PBXFileReference; lastKnownFileType = folder.assetcatalog; path = Assets.xcassets; sourceTree = "<group>"; };
		BA7F0478251ECC0700765FC1 /* Base */ = {isa = PBXFileReference; lastKnownFileType = file.storyboard; name = Base; path = Base.lproj/LaunchScreen.storyboard; sourceTree = "<group>"; };
		BA7F047A251ECC0700765FC1 /* Info.plist */ = {isa = PBXFileReference; lastKnownFileType = text.plist.xml; path = Info.plist; sourceTree = "<group>"; };
		BA7F047F251ECC0800765FC1 /* flixTests.xctest */ = {isa = PBXFileReference; explicitFileType = wrapper.cfbundle; includeInIndex = 0; path = flixTests.xctest; sourceTree = BUILT_PRODUCTS_DIR; };
		BA7F0483251ECC0800765FC1 /* flixTests.swift */ = {isa = PBXFileReference; lastKnownFileType = sourcecode.swift; path = flixTests.swift; sourceTree = "<group>"; };
		BA7F0485251ECC0800765FC1 /* Info.plist */ = {isa = PBXFileReference; lastKnownFileType = text.plist.xml; path = Info.plist; sourceTree = "<group>"; };
		BA7F048A251ECC0800765FC1 /* flixUITests.xctest */ = {isa = PBXFileReference; explicitFileType = wrapper.cfbundle; includeInIndex = 0; path = flixUITests.xctest; sourceTree = BUILT_PRODUCTS_DIR; };
		BA7F048E251ECC0800765FC1 /* flixUITests.swift */ = {isa = PBXFileReference; lastKnownFileType = sourcecode.swift; path = flixUITests.swift; sourceTree = "<group>"; };
		BA7F0490251ECC0800765FC1 /* Info.plist */ = {isa = PBXFileReference; lastKnownFileType = text.plist.xml; path = Info.plist; sourceTree = "<group>"; };
/* End PBXFileReference section */

/* Begin PBXFrameworksBuildPhase section */
		BA7F0466251ECC0600765FC1 /* Frameworks */ = {
			isa = PBXFrameworksBuildPhase;
			buildActionMask = 2147483647;
			files = (
			);
			runOnlyForDeploymentPostprocessing = 0;
		};
		BA7F047C251ECC0800765FC1 /* Frameworks */ = {
			isa = PBXFrameworksBuildPhase;
			buildActionMask = 2147483647;
			files = (
			);
			runOnlyForDeploymentPostprocessing = 0;
		};
		BA7F0487251ECC0800765FC1 /* Frameworks */ = {
			isa = PBXFrameworksBuildPhase;
			buildActionMask = 2147483647;
			files = (
			);
			runOnlyForDeploymentPostprocessing = 0;
		};
/* End PBXFrameworksBuildPhase section */

/* Begin PBXGroup section */
		BA7F0460251ECC0600765FC1 = {
			isa = PBXGroup;
			children = (
				BA7F046B251ECC0600765FC1 /* flix */,
				BA7F0482251ECC0800765FC1 /* flixTests */,
				BA7F048D251ECC0800765FC1 /* flixUITests */,
				BA7F046A251ECC0600765FC1 /* Products */,
			);
			sourceTree = "<group>";
		};
		BA7F046A251ECC0600765FC1 /* Products */ = {
			isa = PBXGroup;
			children = (
				BA7F0469251ECC0600765FC1 /* flix.app */,
				BA7F047F251ECC0800765FC1 /* flixTests.xctest */,
				BA7F048A251ECC0800765FC1 /* flixUITests.xctest */,
			);
			name = Products;
			sourceTree = "<group>";
		};
		BA7F046B251ECC0600765FC1 /* flix */ = {
			isa = PBXGroup;
			children = (
				BA7F046C251ECC0600765FC1 /* AppDelegate.swift */,
				BA7F046E251ECC0600765FC1 /* SceneDelegate.swift */,
				BA7F0470251ECC0600765FC1 /* ViewController.swift */,
				BA7F0472251ECC0600765FC1 /* Main.storyboard */,
				BA7F0475251ECC0700765FC1 /* Assets.xcassets */,
				BA7F0477251ECC0700765FC1 /* LaunchScreen.storyboard */,
				BA7F047A251ECC0700765FC1 /* Info.plist */,
			);
			path = flix;
			sourceTree = "<group>";
		};
		BA7F0482251ECC0800765FC1 /* flixTests */ = {
			isa = PBXGroup;
			children = (
				BA7F0483251ECC0800765FC1 /* flixTests.swift */,
				BA7F0485251ECC0800765FC1 /* Info.plist */,
			);
			path = flixTests;
			sourceTree = "<group>";
		};
		BA7F048D251ECC0800765FC1 /* flixUITests */ = {
			isa = PBXGroup;
			children = (
				BA7F048E251ECC0800765FC1 /* flixUITests.swift */,
				BA7F0490251ECC0800765FC1 /* Info.plist */,
			);
			path = flixUITests;
			sourceTree = "<group>";
		};
/* End PBXGroup section */

/* Begin PBXNativeTarget section */
		BA7F0468251ECC0600765FC1 /* flix */ = {
			isa = PBXNativeTarget;
			buildConfigurationList = BA7F0493251ECC0800765FC1 /* Build configuration list for PBXNativeTarget "flix" */;
			buildPhases = (
				BA7F0465251ECC0600765FC1 /* Sources */,
				BA7F0466251ECC0600765FC1 /* Frameworks */,
				BA7F0467251ECC0600765FC1 /* Resources */,
			);
			buildRules = (
			);
			dependencies = (
			);
			name = flix;
			productName = flix;
			productReference = BA7F0469251ECC0600765FC1 /* flix.app */;
			productType = "com.apple.product-type.application";
		};
		BA7F047E251ECC0800765FC1 /* flixTests */ = {
			isa = PBXNativeTarget;
			buildConfigurationList = BA7F0496251ECC0800765FC1 /* Build configuration list for PBXNativeTarget "flixTests" */;
			buildPhases = (
				BA7F047B251ECC0800765FC1 /* Sources */,
				BA7F047C251ECC0800765FC1 /* Frameworks */,
				BA7F047D251ECC0800765FC1 /* Resources */,
			);
			buildRules = (
			);
			dependencies = (
				BA7F0481251ECC0800765FC1 /* PBXTargetDependency */,
			);
			name = flixTests;
			productName = flixTests;
			productReference = BA7F047F251ECC0800765FC1 /* flixTests.xctest */;
			productType = "com.apple.product-type.bundle.unit-test";
		};
		BA7F0489251ECC0800765FC1 /* flixUITests */ = {
			isa = PBXNativeTarget;
			buildConfigurationList = BA7F0499251ECC0800765FC1 /* Build configuration list for PBXNativeTarget "flixUITests" */;
			buildPhases = (
				BA7F0486251ECC0800765FC1 /* Sources */,
				BA7F0487251ECC0800765FC1 /* Frameworks */,
				BA7F0488251ECC0800765FC1 /* Resources */,
			);
			buildRules = (
			);
			dependencies = (
				BA7F048C251ECC0800765FC1 /* PBXTargetDependency */,
			);
			name = flixUITests;
			productName = flixUITests;
			productReference = BA7F048A251ECC0800765FC1 /* flixUITests.xctest */;
			productType = "com.apple.product-type.bundle.ui-testing";
		};
/* End PBXNativeTarget section */

/* Begin PBXProject section */
		BA7F0461251ECC0600765FC1 /* Project object */ = {
			isa = PBXProject;
			attributes = {
				LastSwiftUpdateCheck = 1200;
				LastUpgradeCheck = 1200;
				TargetAttributes = {
					BA7F0468251ECC0600765FC1 = {
						CreatedOnToolsVersion = 12.0;
					};
					BA7F047E251ECC0800765FC1 = {
						CreatedOnToolsVersion = 12.0;
						TestTargetID = BA7F0468251ECC0600765FC1;
					};
					BA7F0489251ECC0800765FC1 = {
						CreatedOnToolsVersion = 12.0;
						TestTargetID = BA7F0468251ECC0600765FC1;
					};
				};
			};
			buildConfigurationList = BA7F0464251ECC0600765FC1 /* Build configuration list for PBXProject "flix" */;
			compatibilityVersion = "Xcode 9.3";
			developmentRegion = en;
			hasScannedForEncodings = 0;
			knownRegions = (
				en,
				Base,
			);
			mainGroup = BA7F0460251ECC0600765FC1;
			productRefGroup = BA7F046A251ECC0600765FC1 /* Products */;
			projectDirPath = "";
			projectRoot = "";
			targets = (
				BA7F0468251ECC0600765FC1 /* flix */,
				BA7F047E251ECC0800765FC1 /* flixTests */,
				BA7F0489251ECC0800765FC1 /* flixUITests */,
			);
		};
/* End PBXProject section */

/* Begin PBXResourcesBuildPhase section */
		BA7F0467251ECC0600765FC1 /* Resources */ = {
			isa = PBXResourcesBuildPhase;
			buildActionMask = 2147483647;
			files = (
				BA7F0479251ECC0700765FC1 /* LaunchScreen.storyboard in Resources */,
				BA7F0476251ECC0700765FC1 /* Assets.xcassets in Resources */,
				BA7F0474251ECC0600765FC1 /* Main.storyboard in Resources */,
			);
			runOnlyForDeploymentPostprocessing = 0;
		};
		BA7F047D251ECC0800765FC1 /* Resources */ = {
			isa = PBXResourcesBuildPhase;
			buildActionMask = 2147483647;
			files = (
			);
			runOnlyForDeploymentPostprocessing = 0;
		};
		BA7F0488251ECC0800765FC1 /* Resources */ = {
			isa = PBXResourcesBuildPhase;
			buildActionMask = 2147483647;
			files = (
			);
			runOnlyForDeploymentPostprocessing = 0;
		};
/* End PBXResourcesBuildPhase section */

/* Begin PBXSourcesBuildPhase section */
		BA7F0465251ECC0600765FC1 /* Sources */ = {
			isa = PBXSourcesBuildPhase;
			buildActionMask = 2147483647;
			files = (
				BA7F0471251ECC0600765FC1 /* ViewController.swift in Sources */,
				BA7F046D251ECC0600765FC1 /* AppDelegate.swift in Sources */,
				BA7F046F251ECC0600765FC1 /* SceneDelegate.swift in Sources */,
			);
			runOnlyForDeploymentPostprocessing = 0;
		};
		BA7F047B251ECC0800765FC1 /* Sources */ = {
			isa = PBXSourcesBuildPhase;
			buildActionMask = 2147483647;
			files = (
				BA7F0484251ECC0800765FC1 /* flixTests.swift in Sources */,
			);
			runOnlyForDeploymentPostprocessing = 0;
		};
		BA7F0486251ECC0800765FC1 /* Sources */ = {
			isa = PBXSourcesBuildPhase;
			buildActionMask = 2147483647;
			files = (
				BA7F048F251ECC0800765FC1 /* flixUITests.swift in Sources */,
			);
			runOnlyForDeploymentPostprocessing = 0;
		};
/* End PBXSourcesBuildPhase section */

/* Begin PBXTargetDependency section */
		BA7F0481251ECC0800765FC1 /* PBXTargetDependency */ = {
			isa = PBXTargetDependency;
			target = BA7F0468251ECC0600765FC1 /* flix */;
			targetProxy = BA7F0480251ECC0800765FC1 /* PBXContainerItemProxy */;
		};
		BA7F048C251ECC0800765FC1 /* PBXTargetDependency */ = {
			isa = PBXTargetDependency;
			target = BA7F0468251ECC0600765FC1 /* flix */;
			targetProxy = BA7F048B251ECC0800765FC1 /* PBXContainerItemProxy */;
		};
/* End PBXTargetDependency section */

/* Begin PBXVariantGroup section */
		BA7F0472251ECC0600765FC1 /* Main.storyboard */ = {
			isa = PBXVariantGroup;
			children = (
				BA7F0473251ECC0600765FC1 /* Base */,
			);
			name = Main.storyboard;
			sourceTree = "<group>";
		};
		BA7F0477251ECC0700765FC1 /* LaunchScreen.storyboard */ = {
			isa = PBXVariantGroup;
			children = (
				BA7F0478251ECC0700765FC1 /* Base */,
			);
			name = LaunchScreen.storyboard;
			sourceTree = "<group>";
		};
/* End PBXVariantGroup section */

/* Begin XCBuildConfiguration section */
		BA7F0491251ECC0800765FC1 /* Debug */ = {
			isa = XCBuildConfiguration;
			buildSettings = {
				ALWAYS_SEARCH_USER_PATHS = NO;
				CLANG_ANALYZER_NONNULL = YES;
				CLANG_ANALYZER_NUMBER_OBJECT_CONVERSION = YES_AGGRESSIVE;
				CLANG_CXX_LANGUAGE_STANDARD = "gnu++14";
				CLANG_CXX_LIBRARY = "libc++";
				CLANG_ENABLE_MODULES = YES;
				CLANG_ENABLE_OBJC_ARC = YES;
				CLANG_ENABLE_OBJC_WEAK = YES;
				CLANG_WARN_BLOCK_CAPTURE_AUTORELEASING = YES;
				CLANG_WARN_BOOL_CONVERSION = YES;
				CLANG_WARN_COMMA = YES;
				CLANG_WARN_CONSTANT_CONVERSION = YES;
				CLANG_WARN_DEPRECATED_OBJC_IMPLEMENTATIONS = YES;
				CLANG_WARN_DIRECT_OBJC_ISA_USAGE = YES_ERROR;
				CLANG_WARN_DOCUMENTATION_COMMENTS = YES;
				CLANG_WARN_EMPTY_BODY = YES;
				CLANG_WARN_ENUM_CONVERSION = YES;
				CLANG_WARN_INFINITE_RECURSION = YES;
				CLANG_WARN_INT_CONVERSION = YES;
				CLANG_WARN_NON_LITERAL_NULL_CONVERSION = YES;
				CLANG_WARN_OBJC_IMPLICIT_RETAIN_SELF = YES;
				CLANG_WARN_OBJC_LITERAL_CONVERSION = YES;
				CLANG_WARN_OBJC_ROOT_CLASS = YES_ERROR;
				CLANG_WARN_QUOTED_INCLUDE_IN_FRAMEWORK_HEADER = YES;
				CLANG_WARN_RANGE_LOOP_ANALYSIS = YES;
				CLANG_WARN_STRICT_PROTOTYPES = YES;
				CLANG_WARN_SUSPICIOUS_MOVE = YES;
				CLANG_WARN_UNGUARDED_AVAILABILITY = YES_AGGRESSIVE;
				CLANG_WARN_UNREACHABLE_CODE = YES;
				CLANG_WARN__DUPLICATE_METHOD_MATCH = YES;
				COPY_PHASE_STRIP = NO;
				DEBUG_INFORMATION_FORMAT = dwarf;
				ENABLE_STRICT_OBJC_MSGSEND = YES;
				ENABLE_TESTABILITY = YES;
				GCC_C_LANGUAGE_STANDARD = gnu11;
				GCC_DYNAMIC_NO_PIC = NO;
				GCC_NO_COMMON_BLOCKS = YES;
				GCC_OPTIMIZATION_LEVEL = 0;
				GCC_PREPROCESSOR_DEFINITIONS = (
					"DEBUG=1",
					"$(inherited)",
				);
				GCC_WARN_64_TO_32_BIT_CONVERSION = YES;
				GCC_WARN_ABOUT_RETURN_TYPE = YES_ERROR;
				GCC_WARN_UNDECLARED_SELECTOR = YES;
				GCC_WARN_UNINITIALIZED_AUTOS = YES_AGGRESSIVE;
				GCC_WARN_UNUSED_FUNCTION = YES;
				GCC_WARN_UNUSED_VARIABLE = YES;
				IPHONEOS_DEPLOYMENT_TARGET = 14.0;
				MTL_ENABLE_DEBUG_INFO = INCLUDE_SOURCE;
				MTL_FAST_MATH = YES;
				ONLY_ACTIVE_ARCH = YES;
				SDKROOT = iphoneos;
				SWIFT_ACTIVE_COMPILATION_CONDITIONS = DEBUG;
				SWIFT_OPTIMIZATION_LEVEL = "-Onone";
			};
			name = Debug;
		};
		BA7F0492251ECC0800765FC1 /* Release */ = {
			isa = XCBuildConfiguration;
			buildSettings = {
				ALWAYS_SEARCH_USER_PATHS = NO;
				CLANG_ANALYZER_NONNULL = YES;
				CLANG_ANALYZER_NUMBER_OBJECT_CONVERSION = YES_AGGRESSIVE;
				CLANG_CXX_LANGUAGE_STANDARD = "gnu++14";
				CLANG_CXX_LIBRARY = "libc++";
				CLANG_ENABLE_MODULES = YES;
				CLANG_ENABLE_OBJC_ARC = YES;
				CLANG_ENABLE_OBJC_WEAK = YES;
				CLANG_WARN_BLOCK_CAPTURE_AUTORELEASING = YES;
				CLANG_WARN_BOOL_CONVERSION = YES;
				CLANG_WARN_COMMA = YES;
				CLANG_WARN_CONSTANT_CONVERSION = YES;
				CLANG_WARN_DEPRECATED_OBJC_IMPLEMENTATIONS = YES;
				CLANG_WARN_DIRECT_OBJC_ISA_USAGE = YES_ERROR;
				CLANG_WARN_DOCUMENTATION_COMMENTS = YES;
				CLANG_WARN_EMPTY_BODY = YES;
				CLANG_WARN_ENUM_CONVERSION = YES;
				CLANG_WARN_INFINITE_RECURSION = YES;
				CLANG_WARN_INT_CONVERSION = YES;
				CLANG_WARN_NON_LITERAL_NULL_CONVERSION = YES;
				CLANG_WARN_OBJC_IMPLICIT_RETAIN_SELF = YES;
				CLANG_WARN_OBJC_LITERAL_CONVERSION = YES;
				CLANG_WARN_OBJC_ROOT_CLASS = YES_ERROR;
				CLANG_WARN_QUOTED_INCLUDE_IN_FRAMEWORK_HEADER = YES;
				CLANG_WARN_RANGE_LOOP_ANALYSIS = YES;
				CLANG_WARN_STRICT_PROTOTYPES = YES;
				CLANG_WARN_SUSPICIOUS_MOVE = YES;
				CLANG_WARN_UNGUARDED_AVAILABILITY = YES_AGGRESSIVE;
				CLANG_WARN_UNREACHABLE_CODE = YES;
				CLANG_WARN__DUPLICATE_METHOD_MATCH = YES;
				COPY_PHASE_STRIP = NO;
				DEBUG_INFORMATION_FORMAT = "dwarf-with-dsym";
				ENABLE_NS_ASSERTIONS = NO;
				ENABLE_STRICT_OBJC_MSGSEND = YES;
				GCC_C_LANGUAGE_STANDARD = gnu11;
				GCC_NO_COMMON_BLOCKS = YES;
				GCC_WARN_64_TO_32_BIT_CONVERSION = YES;
				GCC_WARN_ABOUT_RETURN_TYPE = YES_ERROR;
				GCC_WARN_UNDECLARED_SELECTOR = YES;
				GCC_WARN_UNINITIALIZED_AUTOS = YES_AGGRESSIVE;
				GCC_WARN_UNUSED_FUNCTION = YES;
				GCC_WARN_UNUSED_VARIABLE = YES;
				IPHONEOS_DEPLOYMENT_TARGET = 14.0;
				MTL_ENABLE_DEBUG_INFO = NO;
				MTL_FAST_MATH = YES;
				SDKROOT = iphoneos;
				SWIFT_COMPILATION_MODE = wholemodule;
				SWIFT_OPTIMIZATION_LEVEL = "-O";
				VALIDATE_PRODUCT = YES;
			};
			name = Release;
		};
		BA7F0494251ECC0800765FC1 /* Debug */ = {
			isa = XCBuildConfiguration;
			buildSettings = {
				ASSETCATALOG_COMPILER_APPICON_NAME = AppIcon;
				ASSETCATALOG_COMPILER_GLOBAL_ACCENT_COLOR_NAME = AccentColor;
				CODE_SIGN_STYLE = Automatic;
				INFOPLIST_FILE = flix/Info.plist;
				LD_RUNPATH_SEARCH_PATHS = (
					"$(inherited)",
					"@executable_path/Frameworks",
				);
				PRODUCT_BUNDLE_IDENTIFIER = Codepath.flix;
				PRODUCT_NAME = "$(TARGET_NAME)";
				SWIFT_VERSION = 5.0;
				TARGETED_DEVICE_FAMILY = "1,2";
			};
			name = Debug;
		};
		BA7F0495251ECC0800765FC1 /* Release */ = {
			isa = XCBuildConfiguration;
			buildSettings = {
				ASSETCATALOG_COMPILER_APPICON_NAME = AppIcon;
				ASSETCATALOG_COMPILER_GLOBAL_ACCENT_COLOR_NAME = AccentColor;
				CODE_SIGN_STYLE = Automatic;
				INFOPLIST_FILE = flix/Info.plist;
				LD_RUNPATH_SEARCH_PATHS = (
					"$(inherited)",
					"@executable_path/Frameworks",
				);
				PRODUCT_BUNDLE_IDENTIFIER = Codepath.flix;
				PRODUCT_NAME = "$(TARGET_NAME)";
				SWIFT_VERSION = 5.0;
				TARGETED_DEVICE_FAMILY = "1,2";
			};
			name = Release;
		};
		BA7F0497251ECC0800765FC1 /* Debug */ = {
			isa = XCBuildConfiguration;
			buildSettings = {
				ALWAYS_EMBED_SWIFT_STANDARD_LIBRARIES = YES;
				BUNDLE_LOADER = "$(TEST_HOST)";
				CODE_SIGN_STYLE = Automatic;
				INFOPLIST_FILE = flixTests/Info.plist;
				IPHONEOS_DEPLOYMENT_TARGET = 14.0;
				LD_RUNPATH_SEARCH_PATHS = (
					"$(inherited)",
					"@executable_path/Frameworks",
					"@loader_path/Frameworks",
				);
				PRODUCT_BUNDLE_IDENTIFIER = Codepath.flixTests;
				PRODUCT_NAME = "$(TARGET_NAME)";
				SWIFT_VERSION = 5.0;
				TARGETED_DEVICE_FAMILY = "1,2";
				TEST_HOST = "$(BUILT_PRODUCTS_DIR)/flix.app/flix";
			};
			name = Debug;
		};
		BA7F0498251ECC0800765FC1 /* Release */ = {
			isa = XCBuildConfiguration;
			buildSettings = {
				ALWAYS_EMBED_SWIFT_STANDARD_LIBRARIES = YES;
				BUNDLE_LOADER = "$(TEST_HOST)";
				CODE_SIGN_STYLE = Automatic;
				INFOPLIST_FILE = flixTests/Info.plist;
				IPHONEOS_DEPLOYMENT_TARGET = 14.0;
				LD_RUNPATH_SEARCH_PATHS = (
					"$(inherited)",
					"@executable_path/Frameworks",
					"@loader_path/Frameworks",
				);
				PRODUCT_BUNDLE_IDENTIFIER = Codepath.flixTests;
				PRODUCT_NAME = "$(TARGET_NAME)";
				SWIFT_VERSION = 5.0;
				TARGETED_DEVICE_FAMILY = "1,2";
				TEST_HOST = "$(BUILT_PRODUCTS_DIR)/flix.app/flix";
			};
			name = Release;
		};
		BA7F049A251ECC0800765FC1 /* Debug */ = {
			isa = XCBuildConfiguration;
			buildSettings = {
				ALWAYS_EMBED_SWIFT_STANDARD_LIBRARIES = YES;
				CODE_SIGN_STYLE = Automatic;
				INFOPLIST_FILE = flixUITests/Info.plist;
				LD_RUNPATH_SEARCH_PATHS = (
					"$(inherited)",
					"@executable_path/Frameworks",
					"@loader_path/Frameworks",
				);
				PRODUCT_BUNDLE_IDENTIFIER = Codepath.flixUITests;
				PRODUCT_NAME = "$(TARGET_NAME)";
				SWIFT_VERSION = 5.0;
				TARGETED_DEVICE_FAMILY = "1,2";
				TEST_TARGET_NAME = flix;
			};
			name = Debug;
		};
		BA7F049B251ECC0800765FC1 /* Release */ = {
			isa = XCBuildConfiguration;
			buildSettings = {
				ALWAYS_EMBED_SWIFT_STANDARD_LIBRARIES = YES;
				CODE_SIGN_STYLE = Automatic;
				INFOPLIST_FILE = flixUITests/Info.plist;
				LD_RUNPATH_SEARCH_PATHS = (
					"$(inherited)",
					"@executable_path/Frameworks",
					"@loader_path/Frameworks",
				);
				PRODUCT_BUNDLE_IDENTIFIER = Codepath.flixUITests;
				PRODUCT_NAME = "$(TARGET_NAME)";
				SWIFT_VERSION = 5.0;
				TARGETED_DEVICE_FAMILY = "1,2";
				TEST_TARGET_NAME = flix;
			};
			name = Release;
		};
/* End XCBuildConfiguration section */

/* Begin XCConfigurationList section */
		BA7F0464251ECC0600765FC1 /* Build configuration list for PBXProject "flix" */ = {
			isa = XCConfigurationList;
			buildConfigurations = (
				BA7F0491251ECC0800765FC1 /* Debug */,
				BA7F0492251ECC0800765FC1 /* Release */,
			);
			defaultConfigurationIsVisible = 0;
			defaultConfigurationName = Release;
		};
		BA7F0493251ECC0800765FC1 /* Build configuration list for PBXNativeTarget "flix" */ = {
			isa = XCConfigurationList;
			buildConfigurations = (
				BA7F0494251ECC0800765FC1 /* Debug */,
				BA7F0495251ECC0800765FC1 /* Release */,
			);
			defaultConfigurationIsVisible = 0;
			defaultConfigurationName = Release;
		};
		BA7F0496251ECC0800765FC1 /* Build configuration list for PBXNativeTarget "flixTests" */ = {
			isa = XCConfigurationList;
			buildConfigurations = (
				BA7F0497251ECC0800765FC1 /* Debug */,
				BA7F0498251ECC0800765FC1 /* Release */,
			);
			defaultConfigurationIsVisible = 0;
			defaultConfigurationName = Release;
		};
		BA7F0499251ECC0800765FC1 /* Build configuration list for PBXNativeTarget "flixUITests" */ = {
			isa = XCConfigurationList;
			buildConfigurations = (
				BA7F049A251ECC0800765FC1 /* Debug */,
				BA7F049B251ECC0800765FC1 /* Release */,
			);
			defaultConfigurationIsVisible = 0;
			defaultConfigurationName = Release;
		};
/* End XCConfigurationList section */
	};
	rootObject = BA7F0461251ECC0600765FC1 /* Project object */;
}
